
Microsoft Visual Studio Solution File, Format Version 12.00
# Visual Studio Version 17
VisualStudioVersion = 17.11.35327.3
MinimumVisualStudioVersion = 10.0.40219.1
Project("{2150E333-8FDC-42A3-9474-1A3956D46DE8}") = "DllExport", "DllExport", "{7EFE776C-2D5C-487B-81F3-14D53D6F7099}"
EndProject
Project("{9A19103F-16F7-4668-BE54-9A1E7A4F7556}") = "NetfxAsset", "src\DllExport\assets\NetfxAsset\NetfxAsset.csproj", "{4D13A153-4DE3-4342-B447-F2DB081B2981}"
EndProject
Project("{FAE04EC0-301F-11D3-BF4B-00C04F79EFBC}") = "NetCoreAsset", "src\DllExport\assets\NetCoreAsset\NetCoreAsset.csproj", "{66C30FCE-9A9C-4607-93AF-F2BC7DAB3BCC}"
EndProject
Project("{FAE04EC0-301F-11D3-BF4B-00C04F79EFBC}") = "Net5OrLessAsset", "src\DllExport\assets\Net5OrLessAsset\Net5OrLessAsset.csproj", "{B7BCCDB1-394C-452E-82C4-E30CF245B175}"
EndProject
Project("{FAE04EC0-301F-11D3-BF4B-00C04F79EFBC}") = "NetCoreRefAsset", "src\DllExport\assets\NetCoreRefAsset\NetCoreRefAsset.csproj", "{DD3DC793-DFE3-4322-84EB-A0A83DBC0066}"
EndProject
Project("{FAE04EC0-301F-11D3-BF4B-00C04F79EFBC}") = "NetfxLegacyAsset", "src\DllExport\assets\NetfxLegacyAsset\NetfxLegacyAsset.csproj", "{AF4CD4E3-F884-4B10-8E71-6267E13DAF97}"
EndProject
Global
	GlobalSection(SolutionConfigurationPlatforms) = preSolution
		Debug|Any CPU = Debug|Any CPU
		Release|Any CPU = Release|Any CPU
	EndGlobalSection
	GlobalSection(ProjectConfigurationPlatforms) = postSolution
		{4D13A153-4DE3-4342-B447-F2DB081B2981}.Debug|Any CPU.ActiveCfg = Debug|Any CPU
		{4D13A153-4DE3-4342-B447-F2DB081B2981}.Debug|Any CPU.Build.0 = Debug|Any CPU
		{4D13A153-4DE3-4342-B447-F2DB081B2981}.Release|Any CPU.ActiveCfg = Release|Any CPU
		{4D13A153-4DE3-4342-B447-F2DB081B2981}.Release|Any CPU.Build.0 = Release|Any CPU
		{66C30FCE-9A9C-4607-93AF-F2BC7DAB3BCC}.Debug|Any CPU.ActiveCfg = Debug|Any CPU
		{66C30FCE-9A9C-4607-93AF-F2BC7DAB3BCC}.Debug|Any CPU.Build.0 = Debug|Any CPU
		{66C30FCE-9A9C-4607-93AF-F2BC7DAB3BCC}.Release|Any CPU.ActiveCfg = Release|Any CPU
		{66C30FCE-9A9C-4607-93AF-F2BC7DAB3BCC}.Release|Any CPU.Build.0 = Release|Any CPU
		{B7BCCDB1-394C-452E-82C4-E30CF245B175}.Debug|Any CPU.ActiveCfg = Debug|Any CPU
		{B7BCCDB1-394C-452E-82C4-E30CF245B175}.Debug|Any CPU.Build.0 = Debug|Any CPU
		{B7BCCDB1-394C-452E-82C4-E30CF245B175}.Release|Any CPU.ActiveCfg = Release|Any CPU
		{B7BCCDB1-394C-452E-82C4-E30CF245B175}.Release|Any CPU.Build.0 = Release|Any CPU
		{DD3DC793-DFE3-4322-84EB-A0A83DBC0066}.Debug|Any CPU.ActiveCfg = Debug|Any CPU
		{DD3DC793-DFE3-4322-84EB-A0A83DBC0066}.Debug|Any CPU.Build.0 = Debug|Any CPU
		{DD3DC793-DFE3-4322-84EB-A0A83DBC0066}.Release|Any CPU.ActiveCfg = Release|Any CPU
		{DD3DC793-DFE3-4322-84EB-A0A83DBC0066}.Release|Any CPU.Build.0 = Release|Any CPU
		{AF4CD4E3-F884-4B10-8E71-6267E13DAF97}.Debug|Any CPU.ActiveCfg = Debug|Any CPU
		{AF4CD4E3-F884-4B10-8E71-6267E13DAF97}.Debug|Any CPU.Build.0 = Debug|Any CPU
		{AF4CD4E3-F884-4B10-8E71-6267E13DAF97}.Release|Any CPU.ActiveCfg = Release|Any CPU
		{AF4CD4E3-F884-4B10-8E71-6267E13DAF97}.Release|Any CPU.Build.0 = Release|Any CPU
	EndGlobalSection
	GlobalSection(SolutionProperties) = preSolution
		HideSolutionNode = FALSE
	EndGlobalSection
	GlobalSection(NestedProjects) = preSolution
		{4D13A153-4DE3-4342-B447-F2DB081B2981} = {7EFE776C-2D5C-487B-81F3-14D53D6F7099}
		{66C30FCE-9A9C-4607-93AF-F2BC7DAB3BCC} = {7EFE776C-2D5C-487B-81F3-14D53D6F7099}
		{B7BCCDB1-394C-452E-82C4-E30CF245B175} = {7EFE776C-2D5C-487B-81F3-14D53D6F7099}
		{DD3DC793-DFE3-4322-84EB-A0A83DBC0066} = {7EFE776C-2D5C-487B-81F3-14D53D6F7099}
		{AF4CD4E3-F884-4B10-8E71-6267E13DAF97} = {7EFE776C-2D5C-487B-81F3-14D53D6F7099}
	EndGlobalSection
	GlobalSection(ExtensibilityGlobals) = postSolution
		SolutionGuid = {1ED17F28-E550-4B00-8DF9-BD43241EEA55}
	EndGlobalSection
EndGlobal
