
Microsoft Visual Studio Solution File, Format Version 12.00
# Visual Studio 14
VisualStudioVersion = 14.0.25123.0
MinimumVisualStudioVersion = 10.0.40219.1
Project("{FAE04EC0-301F-11D3-BF4B-00C04F79EFBC}") = "RGiesecke.DllExport", "RGiesecke.DllExport\RGiesecke.DllExport.csproj", "{5FFD6DD4-C2BB-4928-9459-F7BD328DE414}"
EndProject
Project("{FAE04EC0-301F-11D3-BF4B-00C04F79EFBC}") = "RGiesecke.DllExport.Metadata", "RGiesecke.DllExport.Metadata\RGiesecke.DllExport.Metadata.csproj", "{4C52CC6A-52F3-4DC8-B58C-17B32EE8574B}"
EndProject
Project("{FAE04EC0-301F-11D3-BF4B-00C04F79EFBC}") = "RGiesecke.DllExport.MSBuild", "RGiesecke.DllExport.MSBuild\RGiesecke.DllExport.MSBuild.csproj", "{61B3877B-D905-4E28-B6A4-5E4EB9F45BE7}"
EndProject
Global
	GlobalSection(SolutionConfigurationPlatforms) = preSolution
		Debug|Any CPU = Debug|Any CPU
		Release|Any CPU = Release|Any CPU
	EndGlobalSection
	GlobalSection(ProjectConfigurationPlatforms) = postSolution
		{5FFD6DD4-C2BB-4928-9459-F7BD328DE414}.Debug|Any CPU.ActiveCfg = Debug|Any CPU
		{5FFD6DD4-C2BB-4928-9459-F7BD328DE414}.Debug|Any CPU.Build.0 = Debug|Any CPU
		{5FFD6DD4-C2BB-4928-9459-F7BD328DE414}.Release|Any CPU.ActiveCfg = Release|Any CPU
		{5FFD6DD4-C2BB-4928-9459-F7BD328DE414}.Release|Any CPU.Build.0 = Release|Any CPU
		{4C52CC6A-52F3-4DC8-B58C-17B32EE8574B}.Debug|Any CPU.ActiveCfg = Debug|Any CPU
		{4C52CC6A-52F3-4DC8-B58C-17B32EE8574B}.Debug|Any CPU.Build.0 = Debug|Any CPU
		{4C52CC6A-52F3-4DC8-B58C-17B32EE8574B}.Release|Any CPU.ActiveCfg = Release|Any CPU
		{4C52CC6A-52F3-4DC8-B58C-17B32EE8574B}.Release|Any CPU.Build.0 = Release|Any CPU
		{61B3877B-D905-4E28-B6A4-5E4EB9F45BE7}.Debug|Any CPU.ActiveCfg = Debug|Any CPU
		{61B3877B-D905-4E28-B6A4-5E4EB9F45BE7}.Debug|Any CPU.Build.0 = Debug|Any CPU
		{61B3877B-D905-4E28-B6A4-5E4EB9F45BE7}.Release|Any CPU.ActiveCfg = Release|Any CPU
		{61B3877B-D905-4E28-B6A4-5E4EB9F45BE7}.Release|Any CPU.Build.0 = Release|Any CPU
	EndGlobalSection
	GlobalSection(SolutionProperties) = preSolution
		HideSolutionNode = FALSE
	EndGlobalSection
EndGlobal
